
Microsoft Visual Studio Solution File, Format Version 12.00
Project("{FAE04EC0-301F-11D3-BF4B-00C04F79EFBC}") = "ServerApp", "src\ServerApp\ServerApp.csproj", "{084F2D87-ABD2-4159-8653-F5989322427E}"
EndProject
Project("{FAE04EC0-301F-11D3-BF4B-00C04F79EFBC}") = "WeatherForecastService", "src\WeatherForecastService\WeatherForecastService.csproj", "{A443EF9E-96A1-4992-AA1E-88B3DC014B89}"
EndProject
Project("{FAE04EC0-301F-11D3-BF4B-00C04F79EFBC}") = "WeatherForecast.Grpc", "src\WeatherForecast.Grpc\WeatherForecast.Grpc.csproj", "{54BB9E7D-73DF-4929-9D3D-8D1615607568}"
EndProject
Project("{FAE04EC0-301F-11D3-BF4B-00C04F79EFBC}") = "WebAssemblyApp", "src\WebAssemblyApp\WebAssemblyApp.csproj", "{ED2CB5DF-4CF9-474D-ACD9-85173855FC5F}"
EndProject
Project("{FAE04EC0-301F-11D3-BF4B-00C04F79EFBC}") = "WeatherForecastService.Tests", "tests\WeatherForecastService.Tests\WeatherForecastService.Tests.csproj", "{C7C6E82E-2102-403E-AD41-1E1DEB31B9E8}"
EndProject
Project("{2150E333-8FDC-42A3-9474-1A3956D46DE8}") = "API", "API", "{80BE73FD-DFFB-4D1D-A9AE-A87FD187A5B8}"
EndProject
Project("{2150E333-8FDC-42A3-9474-1A3956D46DE8}") = "gRPC", "gRPC", "{2C25A814-5A38-45D8-951A-4A5F63707667}"
EndProject
Project("{2150E333-8FDC-42A3-9474-1A3956D46DE8}") = "WebAssembly", "WebAssembly", "{3AF0A170-992C-46FD-85E6-5B9F6036A70F}"
EndProject
Project("{2150E333-8FDC-42A3-9474-1A3956D46DE8}") = "BlazorServer", "BlazorServer", "{72576CFB-096D-49CA-903C-BB8962E70112}"
EndProject
Project("{2150E333-8FDC-42A3-9474-1A3956D46DE8}") = "Tests", "Tests", "{2D2CB8D0-5935-4A06-BF1D-2C03B7D3F927}"
EndProject
Project("{2150E333-8FDC-42A3-9474-1A3956D46DE8}") = "src", "src", "{4AC3553A-88CB-441A-BA55-2FE142AB4897}"
EndProject
Global
	GlobalSection(SolutionConfigurationPlatforms) = preSolution
		Debug|Any CPU = Debug|Any CPU
		Release|Any CPU = Release|Any CPU
	EndGlobalSection
	GlobalSection(ProjectConfigurationPlatforms) = postSolution
		{084F2D87-ABD2-4159-8653-F5989322427E}.Debug|Any CPU.ActiveCfg = Debug|Any CPU
		{084F2D87-ABD2-4159-8653-F5989322427E}.Debug|Any CPU.Build.0 = Debug|Any CPU
		{084F2D87-ABD2-4159-8653-F5989322427E}.Release|Any CPU.ActiveCfg = Release|Any CPU
		{084F2D87-ABD2-4159-8653-F5989322427E}.Release|Any CPU.Build.0 = Release|Any CPU
		{A443EF9E-96A1-4992-AA1E-88B3DC014B89}.Debug|Any CPU.ActiveCfg = Debug|Any CPU
		{A443EF9E-96A1-4992-AA1E-88B3DC014B89}.Debug|Any CPU.Build.0 = Debug|Any CPU
		{A443EF9E-96A1-4992-AA1E-88B3DC014B89}.Release|Any CPU.ActiveCfg = Release|Any CPU
		{A443EF9E-96A1-4992-AA1E-88B3DC014B89}.Release|Any CPU.Build.0 = Release|Any CPU
		{54BB9E7D-73DF-4929-9D3D-8D1615607568}.Debug|Any CPU.ActiveCfg = Debug|Any CPU
		{54BB9E7D-73DF-4929-9D3D-8D1615607568}.Debug|Any CPU.Build.0 = Debug|Any CPU
		{54BB9E7D-73DF-4929-9D3D-8D1615607568}.Release|Any CPU.ActiveCfg = Release|Any CPU
		{54BB9E7D-73DF-4929-9D3D-8D1615607568}.Release|Any CPU.Build.0 = Release|Any CPU
		{ED2CB5DF-4CF9-474D-ACD9-85173855FC5F}.Debug|Any CPU.ActiveCfg = Debug|Any CPU
		{ED2CB5DF-4CF9-474D-ACD9-85173855FC5F}.Debug|Any CPU.Build.0 = Debug|Any CPU
		{ED2CB5DF-4CF9-474D-ACD9-85173855FC5F}.Release|Any CPU.ActiveCfg = Release|Any CPU
		{ED2CB5DF-4CF9-474D-ACD9-85173855FC5F}.Release|Any CPU.Build.0 = Release|Any CPU
		{C7C6E82E-2102-403E-AD41-1E1DEB31B9E8}.Debug|Any CPU.ActiveCfg = Debug|Any CPU
		{C7C6E82E-2102-403E-AD41-1E1DEB31B9E8}.Debug|Any CPU.Build.0 = Debug|Any CPU
		{C7C6E82E-2102-403E-AD41-1E1DEB31B9E8}.Release|Any CPU.ActiveCfg = Release|Any CPU
		{C7C6E82E-2102-403E-AD41-1E1DEB31B9E8}.Release|Any CPU.Build.0 = Release|Any CPU
	EndGlobalSection
	GlobalSection(NestedProjects) = preSolution
		{084F2D87-ABD2-4159-8653-F5989322427E} = {72576CFB-096D-49CA-903C-BB8962E70112}
		{A443EF9E-96A1-4992-AA1E-88B3DC014B89} = {80BE73FD-DFFB-4D1D-A9AE-A87FD187A5B8}
		{ED2CB5DF-4CF9-474D-ACD9-85173855FC5F} = {3AF0A170-992C-46FD-85E6-5B9F6036A70F}
		{54BB9E7D-73DF-4929-9D3D-8D1615607568} = {2C25A814-5A38-45D8-951A-4A5F63707667}
		{C7C6E82E-2102-403E-AD41-1E1DEB31B9E8} = {2D2CB8D0-5935-4A06-BF1D-2C03B7D3F927}
		{80BE73FD-DFFB-4D1D-A9AE-A87FD187A5B8} = {4AC3553A-88CB-441A-BA55-2FE142AB4897}
		{2C25A814-5A38-45D8-951A-4A5F63707667} = {4AC3553A-88CB-441A-BA55-2FE142AB4897}
		{72576CFB-096D-49CA-903C-BB8962E70112} = {4AC3553A-88CB-441A-BA55-2FE142AB4897}
		{3AF0A170-992C-46FD-85E6-5B9F6036A70F} = {4AC3553A-88CB-441A-BA55-2FE142AB4897}
	EndGlobalSection
EndGlobal
